
Microsoft Visual Studio Solution File, Format Version 12.00
# Visual Studio Version 16
VisualStudioVersion = 16.0.29709.97
MinimumVisualStudioVersion = 10.0.40219.1
Project("{2150E333-8FDC-42A3-9474-1A3956D46DE8}") = "01-Presentation", "01-Presentation", "{DBEFDC36-B040-4D52-8274-BD465F24ADD5}"
EndProject
Project("{2150E333-8FDC-42A3-9474-1A3956D46DE8}") = "02-Services", "02-Services", "{5B1F1C12-1AC8-4D1B-A393-D64C3BA0DF89}"
EndProject
Project("{2150E333-8FDC-42A3-9474-1A3956D46DE8}") = "03-Application", "03-Application", "{39D9DF8B-3850-45D2-83A3-0360727BB436}"
EndProject
Project("{2150E333-8FDC-42A3-9474-1A3956D46DE8}") = "04-Domain", "04-Domain", "{0C46C690-31F8-401C-9BEA-AC9DBB22DFB2}"
EndProject
Project("{2150E333-8FDC-42A3-9474-1A3956D46DE8}") = "05-Infra", "05-Infra", "{FF116503-0CB8-4334-826F-53590806DCB5}"
EndProject
Project("{2150E333-8FDC-42A3-9474-1A3956D46DE8}") = "05.01-Data", "05.01-Data", "{232E8278-BF4B-494D-B96B-862ED8A6A1FD}"
EndProject
Project("{2150E333-8FDC-42A3-9474-1A3956D46DE8}") = "05.02-CrossCutting", "05.02-CrossCutting", "{41B50D0D-37AF-4C77-A701-B899D5C9DB59}"
EndProject
Project("{FAE04EC0-301F-11D3-BF4B-00C04F79EFBC}") = "DDD.NetCore.CrossCutting", "DDD.NetCore.CrossCutting\DDD.NetCore.CrossCutting.csproj", "{6C52A9BC-8BF3-4817-8DB0-C7FAA498A7BD}"
EndProject
Project("{FAE04EC0-301F-11D3-BF4B-00C04F79EFBC}") = "DDD.NetCore.Data", "DDD.NetCore.Data\DDD.NetCore.Data.csproj", "{F582F9B0-FB54-4588-843A-1900EA80CD25}"
EndProject
Project("{FAE04EC0-301F-11D3-BF4B-00C04F79EFBC}") = "DDD.NetCore.Domain", "DDD.NetCore.Domain\DDD.NetCore.Domain.csproj", "{184F74EA-F08B-4320-9FB2-FA3309CC0F7D}"
EndProject
Project("{FAE04EC0-301F-11D3-BF4B-00C04F79EFBC}") = "DDD.NetCore.Application", "DDD.NetCore.Application\DDD.NetCore.Application.csproj", "{8C822293-B3BB-4DE4-A246-14E71A40B5F8}"
EndProject
Project("{FAE04EC0-301F-11D3-BF4B-00C04F79EFBC}") = "DDD.NetCore.Domain.Test", "DDD.NetCore.Domain.Test\DDD.NetCore.Domain.Test.csproj", "{A44BF65B-F8E1-4314-8060-86426B26C4B5}"
EndProject
Project("{FAE04EC0-301F-11D3-BF4B-00C04F79EFBC}") = "DDD.NetCore.CervejaManager", "DDD.NetCore.CervejaManager\DDD.NetCore.CervejaManager.csproj", "{5EBF6504-50CC-4E78-ABE7-8CA44631B656}"
EndProject
Global
	GlobalSection(SolutionConfigurationPlatforms) = preSolution
		Debug|Any CPU = Debug|Any CPU
		Release|Any CPU = Release|Any CPU
	EndGlobalSection
	GlobalSection(ProjectConfigurationPlatforms) = postSolution
		{6C52A9BC-8BF3-4817-8DB0-C7FAA498A7BD}.Debug|Any CPU.ActiveCfg = Debug|Any CPU
		{6C52A9BC-8BF3-4817-8DB0-C7FAA498A7BD}.Debug|Any CPU.Build.0 = Debug|Any CPU
		{6C52A9BC-8BF3-4817-8DB0-C7FAA498A7BD}.Release|Any CPU.ActiveCfg = Release|Any CPU
		{6C52A9BC-8BF3-4817-8DB0-C7FAA498A7BD}.Release|Any CPU.Build.0 = Release|Any CPU
		{F582F9B0-FB54-4588-843A-1900EA80CD25}.Debug|Any CPU.ActiveCfg = Debug|Any CPU
		{F582F9B0-FB54-4588-843A-1900EA80CD25}.Debug|Any CPU.Build.0 = Debug|Any CPU
		{F582F9B0-FB54-4588-843A-1900EA80CD25}.Release|Any CPU.ActiveCfg = Release|Any CPU
		{F582F9B0-FB54-4588-843A-1900EA80CD25}.Release|Any CPU.Build.0 = Release|Any CPU
		{184F74EA-F08B-4320-9FB2-FA3309CC0F7D}.Debug|Any CPU.ActiveCfg = Debug|Any CPU
		{184F74EA-F08B-4320-9FB2-FA3309CC0F7D}.Debug|Any CPU.Build.0 = Debug|Any CPU
		{184F74EA-F08B-4320-9FB2-FA3309CC0F7D}.Release|Any CPU.ActiveCfg = Release|Any CPU
		{184F74EA-F08B-4320-9FB2-FA3309CC0F7D}.Release|Any CPU.Build.0 = Release|Any CPU
		{8C822293-B3BB-4DE4-A246-14E71A40B5F8}.Debug|Any CPU.ActiveCfg = Debug|Any CPU
		{8C822293-B3BB-4DE4-A246-14E71A40B5F8}.Debug|Any CPU.Build.0 = Debug|Any CPU
		{8C822293-B3BB-4DE4-A246-14E71A40B5F8}.Release|Any CPU.ActiveCfg = Release|Any CPU
		{8C822293-B3BB-4DE4-A246-14E71A40B5F8}.Release|Any CPU.Build.0 = Release|Any CPU
		{A44BF65B-F8E1-4314-8060-86426B26C4B5}.Debug|Any CPU.ActiveCfg = Debug|Any CPU
		{A44BF65B-F8E1-4314-8060-86426B26C4B5}.Debug|Any CPU.Build.0 = Debug|Any CPU
		{A44BF65B-F8E1-4314-8060-86426B26C4B5}.Release|Any CPU.ActiveCfg = Release|Any CPU
		{A44BF65B-F8E1-4314-8060-86426B26C4B5}.Release|Any CPU.Build.0 = Release|Any CPU
		{5EBF6504-50CC-4E78-ABE7-8CA44631B656}.Debug|Any CPU.ActiveCfg = Debug|Any CPU
		{5EBF6504-50CC-4E78-ABE7-8CA44631B656}.Debug|Any CPU.Build.0 = Debug|Any CPU
		{5EBF6504-50CC-4E78-ABE7-8CA44631B656}.Release|Any CPU.ActiveCfg = Release|Any CPU
		{5EBF6504-50CC-4E78-ABE7-8CA44631B656}.Release|Any CPU.Build.0 = Release|Any CPU
	EndGlobalSection
	GlobalSection(SolutionProperties) = preSolution
		HideSolutionNode = FALSE
	EndGlobalSection
	GlobalSection(NestedProjects) = preSolution
		{232E8278-BF4B-494D-B96B-862ED8A6A1FD} = {FF116503-0CB8-4334-826F-53590806DCB5}
		{41B50D0D-37AF-4C77-A701-B899D5C9DB59} = {FF116503-0CB8-4334-826F-53590806DCB5}
		{6C52A9BC-8BF3-4817-8DB0-C7FAA498A7BD} = {41B50D0D-37AF-4C77-A701-B899D5C9DB59}
		{F582F9B0-FB54-4588-843A-1900EA80CD25} = {232E8278-BF4B-494D-B96B-862ED8A6A1FD}
		{184F74EA-F08B-4320-9FB2-FA3309CC0F7D} = {0C46C690-31F8-401C-9BEA-AC9DBB22DFB2}
		{8C822293-B3BB-4DE4-A246-14E71A40B5F8} = {39D9DF8B-3850-45D2-83A3-0360727BB436}
		{A44BF65B-F8E1-4314-8060-86426B26C4B5} = {0C46C690-31F8-401C-9BEA-AC9DBB22DFB2}
		{5EBF6504-50CC-4E78-ABE7-8CA44631B656} = {DBEFDC36-B040-4D52-8274-BD465F24ADD5}
	EndGlobalSection
	GlobalSection(ExtensibilityGlobals) = postSolution
		SolutionGuid = {592D85D4-1D36-47DE-88BD-E4F139EEE084}
	EndGlobalSection
EndGlobal
